// !$*UTF8*$!
{
	archiveVersion = 1;
	classes = {
	};
	objectVersion = 46;
	objects = {

/* Begin PBXBuildFile section */
		2C08D7751C542F1F00439168 /* grid.png in Resources */ = {isa = PBXBuildFile; fileRef = 2C08D7741C542F1F00439168 /* grid.png */; };
		2C08D7791C5448BE00439168 /* WorkInProgressTableViewCell.swift in Sources */ = {isa = PBXBuildFile; fileRef = 2C08D7781C5448BE00439168 /* WorkInProgressTableViewCell.swift */; };
		2C5F2D6A1C54665F00E3109D /* ImageProgressViewController.swift in Sources */ = {isa = PBXBuildFile; fileRef = 2C5F2D691C54665F00E3109D /* ImageProgressViewController.swift */; };
		2C5F2D6C1C54745A00E3109D /* ImageProgressView.swift in Sources */ = {isa = PBXBuildFile; fileRef = 2C5F2D6B1C54745A00E3109D /* ImageProgressView.swift */; };
		2CA7A1261C53F2EE000AE44F /* MainMenuViewController.swift in Sources */ = {isa = PBXBuildFile; fileRef = 2CA7A1251C53F2EE000AE44F /* MainMenuViewController.swift */; };
		2CA7A12C1C53F647000AE44F /* SocketDelegate.swift in Sources */ = {isa = PBXBuildFile; fileRef = 2CA7A12B1C53F647000AE44F /* SocketDelegate.swift */; };
		2CA7A12E1C53FA29000AE44F /* Picture.swift in Sources */ = {isa = PBXBuildFile; fileRef = 2CA7A12D1C53FA29000AE44F /* Picture.swift */; };
		2CC083E51C5314EB006A5831 /* AppDelegate.swift in Sources */ = {isa = PBXBuildFile; fileRef = 2CC083E41C5314EB006A5831 /* AppDelegate.swift */; };
		2CC083E71C5314EB006A5831 /* PictureDrawViewController.swift in Sources */ = {isa = PBXBuildFile; fileRef = 2CC083E61C5314EB006A5831 /* PictureDrawViewController.swift */; };
		2CC083EA1C5314EB006A5831 /* Main.storyboard in Resources */ = {isa = PBXBuildFile; fileRef = 2CC083E81C5314EB006A5831 /* Main.storyboard */; };
		2CC083EC1C5314EB006A5831 /* Assets.xcassets in Resources */ = {isa = PBXBuildFile; fileRef = 2CC083EB1C5314EB006A5831 /* Assets.xcassets */; };
		2CC083EF1C5314EB006A5831 /* LaunchScreen.storyboard in Resources */ = {isa = PBXBuildFile; fileRef = 2CC083ED1C5314EB006A5831 /* LaunchScreen.storyboard */; };
		2CC083F71C531A21006A5831 /* PictureDrawView.swift in Sources */ = {isa = PBXBuildFile; fileRef = 2CC083F61C531A21006A5831 /* PictureDrawView.swift */; };
		2CC083FB1C533E27006A5831 /* Image.jpeg in Resources */ = {isa = PBXBuildFile; fileRef = 2CC083FA1C533E27006A5831 /* Image.jpeg */; };
		2CC083FD1C535077006A5831 /* ColorButton.swift in Sources */ = {isa = PBXBuildFile; fileRef = 2CC083FC1C535077006A5831 /* ColorButton.swift */; };
		2CC083FF1C53E542006A5831 /* undoArrow@2x.png in Resources */ = {isa = PBXBuildFile; fileRef = 2CC083FE1C53E542006A5831 /* undoArrow@2x.png */; };
		2CC084011C53E6B3006A5831 /* undoArrow.png in Resources */ = {isa = PBXBuildFile; fileRef = 2CC084001C53E6B3006A5831 /* undoArrow.png */; };
		2CF544B31C54CBE0005E24FC /* CompletedWorkCollectionViewCell.swift in Sources */ = {isa = PBXBuildFile; fileRef = 2CF544B21C54CBE0005E24FC /* CompletedWorkCollectionViewCell.swift */; };
		5EC6472EAD63A1F90E315BB3 /* Pods.framework in Frameworks */ = {isa = PBXBuildFile; fileRef = 33BA970597946578F2544FFC /* Pods.framework */; };
/* End PBXBuildFile section */

/* Begin PBXFileReference section */
		2C08D7741C542F1F00439168 /* grid.png */ = {isa = PBXFileReference; lastKnownFileType = image.png; path = grid.png; sourceTree = "<group>"; };
		2C08D7781C5448BE00439168 /* WorkInProgressTableViewCell.swift */ = {isa = PBXFileReference; fileEncoding = 4; lastKnownFileType = sourcecode.swift; path = WorkInProgressTableViewCell.swift; sourceTree = "<group>"; };
		2C5F2D691C54665F00E3109D /* ImageProgressViewController.swift */ = {isa = PBXFileReference; fileEncoding = 4; lastKnownFileType = sourcecode.swift; path = ImageProgressViewController.swift; sourceTree = "<group>"; };
		2C5F2D6B1C54745A00E3109D /* ImageProgressView.swift */ = {isa = PBXFileReference; fileEncoding = 4; lastKnownFileType = sourcecode.swift; path = ImageProgressView.swift; sourceTree = "<group>"; };
		2CA7A1251C53F2EE000AE44F /* MainMenuViewController.swift */ = {isa = PBXFileReference; fileEncoding = 4; lastKnownFileType = sourcecode.swift; path = MainMenuViewController.swift; sourceTree = "<group>"; };
		2CA7A12B1C53F647000AE44F /* SocketDelegate.swift */ = {isa = PBXFileReference; fileEncoding = 4; lastKnownFileType = sourcecode.swift; path = SocketDelegate.swift; sourceTree = "<group>"; };
		2CA7A12D1C53FA29000AE44F /* Picture.swift */ = {isa = PBXFileReference; fileEncoding = 4; lastKnownFileType = sourcecode.swift; path = Picture.swift; sourceTree = "<group>"; };
		2CC083E11C5314EB006A5831 /* big-picture.app */ = {isa = PBXFileReference; explicitFileType = wrapper.application; includeInIndex = 0; path = "big-picture.app"; sourceTree = BUILT_PRODUCTS_DIR; };
		2CC083E41C5314EB006A5831 /* AppDelegate.swift */ = {isa = PBXFileReference; lastKnownFileType = sourcecode.swift; path = AppDelegate.swift; sourceTree = "<group>"; };
		2CC083E61C5314EB006A5831 /* PictureDrawViewController.swift */ = {isa = PBXFileReference; lastKnownFileType = sourcecode.swift; path = PictureDrawViewController.swift; sourceTree = "<group>"; };
		2CC083E91C5314EB006A5831 /* Base */ = {isa = PBXFileReference; lastKnownFileType = file.storyboard; name = Base; path = Base.lproj/Main.storyboard; sourceTree = "<group>"; };
		2CC083EB1C5314EB006A5831 /* Assets.xcassets */ = {isa = PBXFileReference; lastKnownFileType = folder.assetcatalog; path = Assets.xcassets; sourceTree = "<group>"; };
		2CC083EE1C5314EB006A5831 /* Base */ = {isa = PBXFileReference; lastKnownFileType = file.storyboard; name = Base; path = Base.lproj/LaunchScreen.storyboard; sourceTree = "<group>"; };
		2CC083F01C5314EB006A5831 /* Info.plist */ = {isa = PBXFileReference; lastKnownFileType = text.plist.xml; path = Info.plist; sourceTree = "<group>"; };
		2CC083F61C531A21006A5831 /* PictureDrawView.swift */ = {isa = PBXFileReference; fileEncoding = 4; lastKnownFileType = sourcecode.swift; path = PictureDrawView.swift; sourceTree = "<group>"; };
		2CC083FA1C533E27006A5831 /* Image.jpeg */ = {isa = PBXFileReference; lastKnownFileType = image.jpeg; path = Image.jpeg; sourceTree = "<group>"; };
		2CC083FC1C535077006A5831 /* ColorButton.swift */ = {isa = PBXFileReference; fileEncoding = 4; lastKnownFileType = sourcecode.swift; path = ColorButton.swift; sourceTree = "<group>"; };
		2CC083FE1C53E542006A5831 /* undoArrow@2x.png */ = {isa = PBXFileReference; lastKnownFileType = image.png; path = "undoArrow@2x.png"; sourceTree = "<group>"; };
		2CC084001C53E6B3006A5831 /* undoArrow.png */ = {isa = PBXFileReference; lastKnownFileType = image.png; path = undoArrow.png; sourceTree = "<group>"; };
		2CF544B21C54CBE0005E24FC /* CompletedWorkCollectionViewCell.swift */ = {isa = PBXFileReference; fileEncoding = 4; lastKnownFileType = sourcecode.swift; path = CompletedWorkCollectionViewCell.swift; sourceTree = "<group>"; };
		33BA970597946578F2544FFC /* Pods.framework */ = {isa = PBXFileReference; explicitFileType = wrapper.framework; includeInIndex = 0; path = Pods.framework; sourceTree = BUILT_PRODUCTS_DIR; };
		6FE6781B0B547C574EDC9C5A /* Pods.debug.xcconfig */ = {isa = PBXFileReference; includeInIndex = 1; lastKnownFileType = text.xcconfig; name = Pods.debug.xcconfig; path = "Pods/Target Support Files/Pods/Pods.debug.xcconfig"; sourceTree = "<group>"; };
		8BDAF7158E59BE79FB0670BD /* Pods.release.xcconfig */ = {isa = PBXFileReference; includeInIndex = 1; lastKnownFileType = text.xcconfig; name = Pods.release.xcconfig; path = "Pods/Target Support Files/Pods/Pods.release.xcconfig"; sourceTree = "<group>"; };
/* End PBXFileReference section */

/* Begin PBXFrameworksBuildPhase section */
		2CC083DE1C5314EB006A5831 /* Frameworks */ = {
			isa = PBXFrameworksBuildPhase;
			buildActionMask = 2147483647;
			files = (
				5EC6472EAD63A1F90E315BB3 /* Pods.framework in Frameworks */,
			);
			runOnlyForDeploymentPostprocessing = 0;
		};
/* End PBXFrameworksBuildPhase section */

/* Begin PBXGroup section */
		01C01D588C90D764CE49FFB3 /* Pods */ = {
			isa = PBXGroup;
			children = (
				6FE6781B0B547C574EDC9C5A /* Pods.debug.xcconfig */,
				8BDAF7158E59BE79FB0670BD /* Pods.release.xcconfig */,
			);
			name = Pods;
			sourceTree = "<group>";
		};
		2CA7A1271C53F33A000AE44F /* Storyboard+VCs */ = {
			isa = PBXGroup;
			children = (
				2CC083E61C5314EB006A5831 /* PictureDrawViewController.swift */,
				2CA7A1251C53F2EE000AE44F /* MainMenuViewController.swift */,
				2CC083E81C5314EB006A5831 /* Main.storyboard */,
				2CC083ED1C5314EB006A5831 /* LaunchScreen.storyboard */,
				2C5F2D691C54665F00E3109D /* ImageProgressViewController.swift */,
			);
			name = "Storyboard+VCs";
			sourceTree = "<group>";
		};
		2CA7A1281C53F36D000AE44F /* Views */ = {
			isa = PBXGroup;
			children = (
				2CC083F61C531A21006A5831 /* PictureDrawView.swift */,
				2CC083FC1C535077006A5831 /* ColorButton.swift */,
				2C08D7781C5448BE00439168 /* WorkInProgressTableViewCell.swift */,
				2C5F2D6B1C54745A00E3109D /* ImageProgressView.swift */,
				2CF544B21C54CBE0005E24FC /* CompletedWorkCollectionViewCell.swift */,
			);
			name = Views;
			sourceTree = "<group>";
		};
		2CA7A1291C53F37C000AE44F /* Resources */ = {
			isa = PBXGroup;
			children = (
				2CC083EB1C5314EB006A5831 /* Assets.xcassets */,
				2CC083F01C5314EB006A5831 /* Info.plist */,
				2CC083FA1C533E27006A5831 /* Image.jpeg */,
				2CC083FE1C53E542006A5831 /* undoArrow@2x.png */,
				2CC084001C53E6B3006A5831 /* undoArrow.png */,
				2C08D7741C542F1F00439168 /* grid.png */,
			);
			name = Resources;
			sourceTree = "<group>";
		};
		2CA7A12A1C53F5F2000AE44F /* Model */ = {
			isa = PBXGroup;
			children = (
				2CA7A12B1C53F647000AE44F /* SocketDelegate.swift */,
				2CA7A12D1C53FA29000AE44F /* Picture.swift */,
			);
			name = Model;
			sourceTree = "<group>";
		};
		2CC083D81C5314EB006A5831 = {
			isa = PBXGroup;
			children = (
				2CC083E31C5314EB006A5831 /* big-picture */,
				2CC083E21C5314EB006A5831 /* Products */,
				01C01D588C90D764CE49FFB3 /* Pods */,
				CA925EFE5096678B426CF799 /* Frameworks */,
			);
			sourceTree = "<group>";
		};
		2CC083E21C5314EB006A5831 /* Products */ = {
			isa = PBXGroup;
			children = (
				2CC083E11C5314EB006A5831 /* big-picture.app */,
			);
			name = Products;
			sourceTree = "<group>";
		};
		2CC083E31C5314EB006A5831 /* big-picture */ = {
			isa = PBXGroup;
			children = (
				2CA7A12A1C53F5F2000AE44F /* Model */,
				2CC083E41C5314EB006A5831 /* AppDelegate.swift */,
				2CA7A1271C53F33A000AE44F /* Storyboard+VCs */,
				2CA7A1281C53F36D000AE44F /* Views */,
				2CA7A1291C53F37C000AE44F /* Resources */,
			);
			path = "big-picture";
			sourceTree = "<group>";
		};
		CA925EFE5096678B426CF799 /* Frameworks */ = {
			isa = PBXGroup;
			children = (
				33BA970597946578F2544FFC /* Pods.framework */,
			);
			name = Frameworks;
			sourceTree = "<group>";
		};
/* End PBXGroup section */

/* Begin PBXNativeTarget section */
		2CC083E01C5314EB006A5831 /* big-picture */ = {
			isa = PBXNativeTarget;
			buildConfigurationList = 2CC083F31C5314EB006A5831 /* Build configuration list for PBXNativeTarget "big-picture" */;
			buildPhases = (
				EE2DFB14C9A7D34B468C151E /* Check Pods Manifest.lock */,
				2CC083DD1C5314EB006A5831 /* Sources */,
				2CC083DE1C5314EB006A5831 /* Frameworks */,
				2CC083DF1C5314EB006A5831 /* Resources */,
				ABB40A2A69E48672B4EB6AB5 /* Embed Pods Frameworks */,
				22FBBFA991208E590758BA98 /* Copy Pods Resources */,
			);
			buildRules = (
			);
			dependencies = (
			);
			name = "big-picture";
			productName = "big-picture";
			productReference = 2CC083E11C5314EB006A5831 /* big-picture.app */;
			productType = "com.apple.product-type.application";
		};
/* End PBXNativeTarget section */

/* Begin PBXProject section */
		2CC083D91C5314EB006A5831 /* Project object */ = {
			isa = PBXProject;
			attributes = {
				LastSwiftUpdateCheck = 0720;
				LastUpgradeCheck = 0720;
				ORGANIZATIONNAME = ethanhardy;
				TargetAttributes = {
					2CC083E01C5314EB006A5831 = {
						CreatedOnToolsVersion = 7.2;
					};
				};
			};
			buildConfigurationList = 2CC083DC1C5314EB006A5831 /* Build configuration list for PBXProject "big-picture" */;
			compatibilityVersion = "Xcode 3.2";
			developmentRegion = English;
			hasScannedForEncodings = 0;
			knownRegions = (
				en,
				Base,
			);
			mainGroup = 2CC083D81C5314EB006A5831;
			productRefGroup = 2CC083E21C5314EB006A5831 /* Products */;
			projectDirPath = "";
			projectRoot = "";
			targets = (
				2CC083E01C5314EB006A5831 /* big-picture */,
			);
		};
/* End PBXProject section */

/* Begin PBXResourcesBuildPhase section */
		2CC083DF1C5314EB006A5831 /* Resources */ = {
			isa = PBXResourcesBuildPhase;
			buildActionMask = 2147483647;
			files = (
				2CC083FF1C53E542006A5831 /* undoArrow@2x.png in Resources */,
				2CC083EF1C5314EB006A5831 /* LaunchScreen.storyboard in Resources */,
				2CC083FB1C533E27006A5831 /* Image.jpeg in Resources */,
				2CC083EC1C5314EB006A5831 /* Assets.xcassets in Resources */,
				2CC083EA1C5314EB006A5831 /* Main.storyboard in Resources */,
				2C08D7751C542F1F00439168 /* grid.png in Resources */,
				2CC084011C53E6B3006A5831 /* undoArrow.png in Resources */,
			);
			runOnlyForDeploymentPostprocessing = 0;
		};
/* End PBXResourcesBuildPhase section */

/* Begin PBXShellScriptBuildPhase section */
		22FBBFA991208E590758BA98 /* Copy Pods Resources */ = {
			isa = PBXShellScriptBuildPhase;
			buildActionMask = 2147483647;
			files = (
			);
			inputPaths = (
			);
			name = "Copy Pods Resources";
			outputPaths = (
			);
			runOnlyForDeploymentPostprocessing = 0;
			shellPath = /bin/sh;
			shellScript = "\"${SRCROOT}/Pods/Target Support Files/Pods/Pods-resources.sh\"\n";
			showEnvVarsInLog = 0;
		};
		ABB40A2A69E48672B4EB6AB5 /* Embed Pods Frameworks */ = {
			isa = PBXShellScriptBuildPhase;
			buildActionMask = 2147483647;
			files = (
			);
			inputPaths = (
			);
			name = "Embed Pods Frameworks";
			outputPaths = (
			);
			runOnlyForDeploymentPostprocessing = 0;
			shellPath = /bin/sh;
			shellScript = "\"${SRCROOT}/Pods/Target Support Files/Pods/Pods-frameworks.sh\"\n";
			showEnvVarsInLog = 0;
		};
		EE2DFB14C9A7D34B468C151E /* Check Pods Manifest.lock */ = {
			isa = PBXShellScriptBuildPhase;
			buildActionMask = 2147483647;
			files = (
			);
			inputPaths = (
			);
			name = "Check Pods Manifest.lock";
			outputPaths = (
			);
			runOnlyForDeploymentPostprocessing = 0;
			shellPath = /bin/sh;
			shellScript = "diff \"${PODS_ROOT}/../Podfile.lock\" \"${PODS_ROOT}/Manifest.lock\" > /dev/null\nif [[ $? != 0 ]] ; then\n    cat << EOM\nerror: The sandbox is not in sync with the Podfile.lock. Run 'pod install' or update your CocoaPods installation.\nEOM\n    exit 1\nfi\n";
			showEnvVarsInLog = 0;
		};
/* End PBXShellScriptBuildPhase section */

/* Begin PBXSourcesBuildPhase section */
		2CC083DD1C5314EB006A5831 /* Sources */ = {
			isa = PBXSourcesBuildPhase;
			buildActionMask = 2147483647;
			files = (
				2CA7A1261C53F2EE000AE44F /* MainMenuViewController.swift in Sources */,
				2CC083E71C5314EB006A5831 /* PictureDrawViewController.swift in Sources */,
				2C08D7791C5448BE00439168 /* WorkInProgressTableViewCell.swift in Sources */,
				2C5F2D6C1C54745A00E3109D /* ImageProgressView.swift in Sources */,
				2C5F2D6A1C54665F00E3109D /* ImageProgressViewController.swift in Sources */,
				2CC083FD1C535077006A5831 /* ColorButton.swift in Sources */,
				2CF544B31C54CBE0005E24FC /* CompletedWorkCollectionViewCell.swift in Sources */,
				2CC083F71C531A21006A5831 /* PictureDrawView.swift in Sources */,
				2CA7A12E1C53FA29000AE44F /* Picture.swift in Sources */,
				2CC083E51C5314EB006A5831 /* AppDelegate.swift in Sources */,
				2CA7A12C1C53F647000AE44F /* SocketDelegate.swift in Sources */,
			);
			runOnlyForDeploymentPostprocessing = 0;
		};
/* End PBXSourcesBuildPhase section */

/* Begin PBXVariantGroup section */
		2CC083E81C5314EB006A5831 /* Main.storyboard */ = {
			isa = PBXVariantGroup;
			children = (
				2CC083E91C5314EB006A5831 /* Base */,
			);
			name = Main.storyboard;
			sourceTree = "<group>";
		};
		2CC083ED1C5314EB006A5831 /* LaunchScreen.storyboard */ = {
			isa = PBXVariantGroup;
			children = (
				2CC083EE1C5314EB006A5831 /* Base */,
			);
			name = LaunchScreen.storyboard;
			sourceTree = "<group>";
		};
/* End PBXVariantGroup section */

/* Begin XCBuildConfiguration section */
		2CC083F11C5314EB006A5831 /* Debug */ = {
			isa = XCBuildConfiguration;
			buildSettings = {
				ALWAYS_SEARCH_USER_PATHS = NO;
				CLANG_CXX_LANGUAGE_STANDARD = "gnu++0x";
				CLANG_CXX_LIBRARY = "libc++";
				CLANG_ENABLE_MODULES = YES;
				CLANG_ENABLE_OBJC_ARC = YES;
				CLANG_WARN_BOOL_CONVERSION = YES;
				CLANG_WARN_CONSTANT_CONVERSION = YES;
				CLANG_WARN_DIRECT_OBJC_ISA_USAGE = YES_ERROR;
				CLANG_WARN_EMPTY_BODY = YES;
				CLANG_WARN_ENUM_CONVERSION = YES;
				CLANG_WARN_INT_CONVERSION = YES;
				CLANG_WARN_OBJC_ROOT_CLASS = YES_ERROR;
				CLANG_WARN_UNREACHABLE_CODE = YES;
				CLANG_WARN__DUPLICATE_METHOD_MATCH = YES;
				"CODE_SIGN_IDENTITY[sdk=iphoneos*]" = "iPhone Developer";
				COPY_PHASE_STRIP = NO;
				DEBUG_INFORMATION_FORMAT = dwarf;
				ENABLE_STRICT_OBJC_MSGSEND = YES;
				ENABLE_TESTABILITY = YES;
				GCC_C_LANGUAGE_STANDARD = gnu99;
				GCC_DYNAMIC_NO_PIC = NO;
				GCC_NO_COMMON_BLOCKS = YES;
				GCC_OPTIMIZATION_LEVEL = 0;
				GCC_PREPROCESSOR_DEFINITIONS = (
					"DEBUG=1",
					"$(inherited)",
				);
				GCC_WARN_64_TO_32_BIT_CONVERSION = YES;
				GCC_WARN_ABOUT_RETURN_TYPE = YES_ERROR;
				GCC_WARN_UNDECLARED_SELECTOR = YES;
				GCC_WARN_UNINITIALIZED_AUTOS = YES_AGGRESSIVE;
				GCC_WARN_UNUSED_FUNCTION = YES;
				GCC_WARN_UNUSED_VARIABLE = YES;
				IPHONEOS_DEPLOYMENT_TARGET = 9.2;
				MTL_ENABLE_DEBUG_INFO = YES;
				ONLY_ACTIVE_ARCH = YES;
				SDKROOT = iphoneos;
				SWIFT_OPTIMIZATION_LEVEL = "-Onone";
			};
			name = Debug;
		};
		2CC083F21C5314EB006A5831 /* Release */ = {
			isa = XCBuildConfiguration;
			buildSettings = {
				ALWAYS_SEARCH_USER_PATHS = NO;
				CLANG_CXX_LANGUAGE_STANDARD = "gnu++0x";
				CLANG_CXX_LIBRARY = "libc++";
				CLANG_ENABLE_MODULES = YES;
				CLANG_ENABLE_OBJC_ARC = YES;
				CLANG_WARN_BOOL_CONVERSION = YES;
				CLANG_WARN_CONSTANT_CONVERSION = YES;
				CLANG_WARN_DIRECT_OBJC_ISA_USAGE = YES_ERROR;
				CLANG_WARN_EMPTY_BODY = YES;
				CLANG_WARN_ENUM_CONVERSION = YES;
				CLANG_WARN_INT_CONVERSION = YES;
				CLANG_WARN_OBJC_ROOT_CLASS = YES_ERROR;
				CLANG_WARN_UNREACHABLE_CODE = YES;
				CLANG_WARN__DUPLICATE_METHOD_MATCH = YES;
				"CODE_SIGN_IDENTITY[sdk=iphoneos*]" = "iPhone Developer";
				COPY_PHASE_STRIP = NO;
				DEBUG_INFORMATION_FORMAT = "dwarf-with-dsym";
				ENABLE_NS_ASSERTIONS = NO;
				ENABLE_STRICT_OBJC_MSGSEND = YES;
				GCC_C_LANGUAGE_STANDARD = gnu99;
				GCC_NO_COMMON_BLOCKS = YES;
				GCC_WARN_64_TO_32_BIT_CONVERSION = YES;
				GCC_WARN_ABOUT_RETURN_TYPE = YES_ERROR;
				GCC_WARN_UNDECLARED_SELECTOR = YES;
				GCC_WARN_UNINITIALIZED_AUTOS = YES_AGGRESSIVE;
				GCC_WARN_UNUSED_FUNCTION = YES;
				GCC_WARN_UNUSED_VARIABLE = YES;
				IPHONEOS_DEPLOYMENT_TARGET = 9.2;
				MTL_ENABLE_DEBUG_INFO = NO;
				SDKROOT = iphoneos;
				VALIDATE_PRODUCT = YES;
			};
			name = Release;
		};
		2CC083F41C5314EB006A5831 /* Debug */ = {
			isa = XCBuildConfiguration;
			baseConfigurationReference = 6FE6781B0B547C574EDC9C5A /* Pods.debug.xcconfig */;
			buildSettings = {
				ASSETCATALOG_COMPILER_APPICON_NAME = AppIcon;
				INFOPLIST_FILE = "big-picture/Info.plist";
				LD_RUNPATH_SEARCH_PATHS = "$(inherited) @executable_path/Frameworks";
				PRODUCT_BUNDLE_IDENTIFIER = "com.ethanhardy.big-picture";
				PRODUCT_NAME = "$(TARGET_NAME)";
			};
			name = Debug;
		};
		2CC083F51C5314EB006A5831 /* Release */ = {
			isa = XCBuildConfiguration;
			baseConfigurationReference = 8BDAF7158E59BE79FB0670BD /* Pods.release.xcconfig */;
			buildSettings = {
				ASSETCATALOG_COMPILER_APPICON_NAME = AppIcon;
				INFOPLIST_FILE = "big-picture/Info.plist";
				LD_RUNPATH_SEARCH_PATHS = "$(inherited) @executable_path/Frameworks";
				PRODUCT_BUNDLE_IDENTIFIER = "com.ethanhardy.big-picture";
				PRODUCT_NAME = "$(TARGET_NAME)";
			};
			name = Release;
		};
/* End XCBuildConfiguration section */

/* Begin XCConfigurationList section */
		2CC083DC1C5314EB006A5831 /* Build configuration list for PBXProject "big-picture" */ = {
			isa = XCConfigurationList;
			buildConfigurations = (
				2CC083F11C5314EB006A5831 /* Debug */,
				2CC083F21C5314EB006A5831 /* Release */,
			);
			defaultConfigurationIsVisible = 0;
			defaultConfigurationName = Release;
		};
		2CC083F31C5314EB006A5831 /* Build configuration list for PBXNativeTarget "big-picture" */ = {
			isa = XCConfigurationList;
			buildConfigurations = (
				2CC083F41C5314EB006A5831 /* Debug */,
				2CC083F51C5314EB006A5831 /* Release */,
			);
			defaultConfigurationIsVisible = 0;
			defaultConfigurationName = Release;
		};
/* End XCConfigurationList section */
	};
	rootObject = 2CC083D91C5314EB006A5831 /* Project object */;
}
